
Microsoft Visual Studio Solution File, Format Version 12.00
# Visual Studio Version 17
VisualStudioVersion = 17.6.33829.357
MinimumVisualStudioVersion = 10.0.40219.1
Project("{9A19103F-16F7-4668-BE54-9A1E7A4F7556}") = "DevelopmentTeamsApp", "DevelopmentTeamsApp\DevelopmentTeamsApp.csproj", "{63F31A5D-FA38-4040-9AFA-2B3B2BAB46CC}"
EndProject
Project("{FAE04EC0-301F-11D3-BF4B-00C04F79EFBC}") = "DataLayer", "DataLayer\DataLayer.csproj", "{BEA996BC-38B7-4495-A445-22C24F50ECB4}"
EndProject
Project("{FAE04EC0-301F-11D3-BF4B-00C04F79EFBC}") = "BusinessLayer", "BusinessLayer\BusinessLayer.csproj", "{1A0E8A8D-3FF3-4159-BCEC-C7C980A56603}"
EndProject
Global
	GlobalSection(SolutionConfigurationPlatforms) = preSolution
		Debug|Any CPU = Debug|Any CPU
		Release|Any CPU = Release|Any CPU
	EndGlobalSection
	GlobalSection(ProjectConfigurationPlatforms) = postSolution
		{63F31A5D-FA38-4040-9AFA-2B3B2BAB46CC}.Debug|Any CPU.ActiveCfg = Debug|Any CPU
		{63F31A5D-FA38-4040-9AFA-2B3B2BAB46CC}.Debug|Any CPU.Build.0 = Debug|Any CPU
		{63F31A5D-FA38-4040-9AFA-2B3B2BAB46CC}.Release|Any CPU.ActiveCfg = Release|Any CPU
		{63F31A5D-FA38-4040-9AFA-2B3B2BAB46CC}.Release|Any CPU.Build.0 = Release|Any CPU
		{BEA996BC-38B7-4495-A445-22C24F50ECB4}.Debug|Any CPU.ActiveCfg = Debug|Any CPU
		{BEA996BC-38B7-4495-A445-22C24F50ECB4}.Debug|Any CPU.Build.0 = Debug|Any CPU
		{BEA996BC-38B7-4495-A445-22C24F50ECB4}.Release|Any CPU.ActiveCfg = Release|Any CPU
		{BEA996BC-38B7-4495-A445-22C24F50ECB4}.Release|Any CPU.Build.0 = Release|Any CPU
		{1A0E8A8D-3FF3-4159-BCEC-C7C980A56603}.Debug|Any CPU.ActiveCfg = Debug|Any CPU
		{1A0E8A8D-3FF3-4159-BCEC-C7C980A56603}.Debug|Any CPU.Build.0 = Debug|Any CPU
		{1A0E8A8D-3FF3-4159-BCEC-C7C980A56603}.Release|Any CPU.ActiveCfg = Release|Any CPU
		{1A0E8A8D-3FF3-4159-BCEC-C7C980A56603}.Release|Any CPU.Build.0 = Release|Any CPU
	EndGlobalSection
	GlobalSection(SolutionProperties) = preSolution
		HideSolutionNode = FALSE
	EndGlobalSection
	GlobalSection(ExtensibilityGlobals) = postSolution
		SolutionGuid = {1E4F0CBC-DA59-46B8-837B-2880E4449038}
	EndGlobalSection
EndGlobal
